{
  "nodes": {
    "mnw": {
      "locked": {
        "lastModified": 1776530647,
        "narHash": "sha256-AHM3wNuC5zzGaygnovHqFUI0YJR1Jj7ZgK9D9m7cgMQ=",
        "owner": "Gerg-L",
        "repo": "mnw",
        "rev": "54f7ad6e34f4e44e0260a5140af7726a4792dece",
        "type": "github"
      },
      "original": {
        "owner": "Gerg-L",
        "repo": "mnw",
        "type": "github"
      }
    },
    "nixpkgs": {
      "locked": {
        "lastModified": 1777268161,
        "narHash": "sha256-bxrdOn8SCOv8tN4JbTF/TXq7kjo9ag4M+C8yzzIRYbE=",
        "owner": "NixOS",
        "repo": "nixpkgs",
        "rev": "1c3fe55ad329cbcb28471bb30f05c9827f724c76",
        "type": "github"
      },
      "original": {
        "owner": "NixOS",
        "ref": "nixos-unstable",
        "repo": "nixpkgs",
        "type": "github"
      }
    },
    "root": {
      "inputs": {
        "mnw": "mnw",
        "nixpkgs": "nixpkgs"
      }
    }
  },
  "root": "root",
  "version": 7
}
